
Microsoft Visual Studio Solution File, Format Version 12.00
# Visual Studio Version 17
VisualStudioVersion = 17.6.33723.286
MinimumVisualStudioVersion = 10.0.40219.1
Project("{FAE04EC0-301F-11D3-BF4B-00C04F79EFBC}") = "Ejemplo1", "Ejemplo1\Ejemplo1.csproj", "{0DEE590F-65B5-4D4C-9527-40725EA5205F}"
EndProject
Global
	GlobalSection(SolutionConfigurationPlatforms) = preSolution
		Debug|Any CPU = Debug|Any CPU
		Release|Any CPU = Release|Any CPU
	EndGlobalSection
	GlobalSection(ProjectConfigurationPlatforms) = postSolution
		{0DEE590F-65B5-4D4C-9527-40725EA5205F}.Debug|Any CPU.ActiveCfg = Debug|Any CPU
		{0DEE590F-65B5-4D4C-9527-40725EA5205F}.Debug|Any CPU.Build.0 = Debug|Any CPU
		{0DEE590F-65B5-4D4C-9527-40725EA5205F}.Release|Any CPU.ActiveCfg = Release|Any CPU
		{0DEE590F-65B5-4D4C-9527-40725EA5205F}.Release|Any CPU.Build.0 = Release|Any CPU
	EndGlobalSection
	GlobalSection(SolutionProperties) = preSolution
		HideSolutionNode = FALSE
	EndGlobalSection
	GlobalSection(ExtensibilityGlobals) = postSolution
		SolutionGuid = {2FB93B4E-23CB-4970-9DDE-F99E8FB61493}
	EndGlobalSection
EndGlobal
